{
    "name": "ngx-mode-switcher",
    "version": "2.2.0",
    "lockfileVersion": 2,
    "requires": true,
    "packages": {
        "": {
            "name": "ngx-mode-switcher",
            "version": "2.2.0",
            "license": "MIT",
            "dependencies": {
                "ngx-mode-switcher": "file:",
                "tslib": "^2.3.0"
            },
            "peerDependencies": {
                "@angular/common": "^14.0.0 || ^15.0.0 || ^16.0.0 || ^17.0.0 || ^18.0.0",
                "@angular/core": "^14.0.0 || ^15.0.0 || ^16.0.0 || ^17.0.0 || ^18.0.0"
            }
        },
        "node_modules/ngx-mode-switcher": {
            "resolved": "",
            "link": true
        },
        "node_modules/tslib": {
            "version": "2.6.3",
            "resolved": "https://registry.npmjs.org/tslib/-/tslib-2.6.3.tgz",
            "integrity": "sha512-xNvxJEOUiWPGhUuUdQgAJPKOOJfGnIyKySOc09XkKsgdUV/3E2zvwZYdejjmRgPCgcym1juLH3226yA7sEFJKQ=="
        }
    },
    "dependencies": {
        "ngx-mode-switcher": {
            "version": "file:",
            "requires": {
                "ngx-mode-switcher": "file:",
                "tslib": "^2.3.0"
            },
            "dependencies": {
                "tslib": {
                    "version": "2.6.3",
                    "resolved": "https://registry.npmjs.org/tslib/-/tslib-2.6.3.tgz",
                    "integrity": "sha512-xNvxJEOUiWPGhUuUdQgAJPKOOJfGnIyKySOc09XkKsgdUV/3E2zvwZYdejjmRgPCgcym1juLH3226yA7sEFJKQ=="
                }
            }
        },
        "tslib": {
            "version": "2.6.3",
            "resolved": "https://registry.npmjs.org/tslib/-/tslib-2.6.3.tgz",
            "integrity": "sha512-xNvxJEOUiWPGhUuUdQgAJPKOOJfGnIyKySOc09XkKsgdUV/3E2zvwZYdejjmRgPCgcym1juLH3226yA7sEFJKQ=="
        }
    }
}
